// !$*UTF8*$!
{
	archiveVersion = 1;
	classes = {
	};
	objectVersion = 50;
	objects = {

/* Begin PBXBuildFile section */
		253A7D7B25C100F700319B38 /* ThumbnailCutVideo.swift in Sources */ = {isa = PBXBuildFile; fileRef = 253A7D7A25C100F700319B38 /* ThumbnailCutVideo.swift */; };
		253A7D8025C1011100319B38 /* ThumbnailCutVideoView.swift in Sources */ = {isa = PBXBuildFile; fileRef = 253A7D7F25C1011100319B38 /* ThumbnailCutVideoView.swift */; };
		253A7D8B25C1574800319B38 /* SampleAudio1.mp3 in Resources */ = {isa = PBXBuildFile; fileRef = 253A7D8A25C1574800319B38 /* SampleAudio1.mp3 */; };
		257D000225BEB6D9008576D4 /* PlayVideoViewController.swift in Sources */ = {isa = PBXBuildFile; fileRef = 257D000025BEB6D9008576D4 /* PlayVideoViewController.swift */; };
		257D000325BEB6D9008576D4 /* PlayVideoViewController.xib in Resources */ = {isa = PBXBuildFile; fileRef = 257D000125BEB6D9008576D4 /* PlayVideoViewController.xib */; };
		257D000825BEB942008576D4 /* SampleVideo1.mp4 in Resources */ = {isa = PBXBuildFile; fileRef = 257D000725BEB942008576D4 /* SampleVideo1.mp4 */; };
		257D000E25BEC345008576D4 /* RecordAudioViewController.swift in Sources */ = {isa = PBXBuildFile; fileRef = 257D000C25BEC345008576D4 /* RecordAudioViewController.swift */; };
		257D000F25BEC345008576D4 /* RecordAudioViewController.xib in Resources */ = {isa = PBXBuildFile; fileRef = 257D000D25BEC345008576D4 /* RecordAudioViewController.xib */; };
		257DFFE825BEB554008576D4 /* AppDelegate.swift in Sources */ = {isa = PBXBuildFile; fileRef = 257DFFE725BEB554008576D4 /* AppDelegate.swift */; };
		257DFFF125BEB555008576D4 /* Assets.xcassets in Resources */ = {isa = PBXBuildFile; fileRef = 257DFFF025BEB555008576D4 /* Assets.xcassets */; };
		257DFFF425BEB555008576D4 /* LaunchScreen.storyboard in Resources */ = {isa = PBXBuildFile; fileRef = 257DFFF225BEB555008576D4 /* LaunchScreen.storyboard */; };
/* End PBXBuildFile section */

/* Begin PBXFileReference section */
		253A7D7A25C100F700319B38 /* ThumbnailCutVideo.swift */ = {isa = PBXFileReference; lastKnownFileType = sourcecode.swift; path = ThumbnailCutVideo.swift; sourceTree = "<group>"; };
		253A7D7F25C1011100319B38 /* ThumbnailCutVideoView.swift */ = {isa = PBXFileReference; lastKnownFileType = sourcecode.swift; path = ThumbnailCutVideoView.swift; sourceTree = "<group>"; };
		253A7D8A25C1574800319B38 /* SampleAudio1.mp3 */ = {isa = PBXFileReference; lastKnownFileType = audio.mp3; path = SampleAudio1.mp3; sourceTree = "<group>"; };
		257D000025BEB6D9008576D4 /* PlayVideoViewController.swift */ = {isa = PBXFileReference; lastKnownFileType = sourcecode.swift; path = PlayVideoViewController.swift; sourceTree = "<group>"; };
		257D000125BEB6D9008576D4 /* PlayVideoViewController.xib */ = {isa = PBXFileReference; lastKnownFileType = file.xib; path = PlayVideoViewController.xib; sourceTree = "<group>"; };
		257D000725BEB942008576D4 /* SampleVideo1.mp4 */ = {isa = PBXFileReference; lastKnownFileType = file; path = SampleVideo1.mp4; sourceTree = "<group>"; };
		257D000C25BEC345008576D4 /* RecordAudioViewController.swift */ = {isa = PBXFileReference; lastKnownFileType = sourcecode.swift; path = RecordAudioViewController.swift; sourceTree = "<group>"; };
		257D000D25BEC345008576D4 /* RecordAudioViewController.xib */ = {isa = PBXFileReference; lastKnownFileType = file.xib; path = RecordAudioViewController.xib; sourceTree = "<group>"; };
		257DFFE425BEB554008576D4 /* AVFoundation2.app */ = {isa = PBXFileReference; explicitFileType = wrapper.application; includeInIndex = 0; path = AVFoundation2.app; sourceTree = BUILT_PRODUCTS_DIR; };
		257DFFE725BEB554008576D4 /* AppDelegate.swift */ = {isa = PBXFileReference; lastKnownFileType = sourcecode.swift; path = AppDelegate.swift; sourceTree = "<group>"; };
		257DFFF025BEB555008576D4 /* Assets.xcassets */ = {isa = PBXFileReference; lastKnownFileType = folder.assetcatalog; path = Assets.xcassets; sourceTree = "<group>"; };
		257DFFF325BEB555008576D4 /* Base */ = {isa = PBXFileReference; lastKnownFileType = file.storyboard; name = Base; path = Base.lproj/LaunchScreen.storyboard; sourceTree = "<group>"; };
		257DFFF525BEB555008576D4 /* Info.plist */ = {isa = PBXFileReference; lastKnownFileType = text.plist.xml; path = Info.plist; sourceTree = "<group>"; };
/* End PBXFileReference section */

/* Begin PBXFrameworksBuildPhase section */
		257DFFE125BEB554008576D4 /* Frameworks */ = {
			isa = PBXFrameworksBuildPhase;
			buildActionMask = 2147483647;
			files = (
			);
			runOnlyForDeploymentPostprocessing = 0;
		};
/* End PBXFrameworksBuildPhase section */

/* Begin PBXGroup section */
		253A7D7925C100E400319B38 /* ThumbnailCutVideo */ = {
			isa = PBXGroup;
			children = (
				253A7D7A25C100F700319B38 /* ThumbnailCutVideo.swift */,
				253A7D7F25C1011100319B38 /* ThumbnailCutVideoView.swift */,
			);
			path = ThumbnailCutVideo;
			sourceTree = "<group>";
		};
		253A7D8525C153EE00319B38 /* SampleMusic */ = {
			isa = PBXGroup;
			children = (
				253A7D8A25C1574800319B38 /* SampleAudio1.mp3 */,
			);
			path = SampleMusic;
			sourceTree = "<group>";
		};
		257D000625BEB934008576D4 /* SampleVideo */ = {
			isa = PBXGroup;
			children = (
				257D000725BEB942008576D4 /* SampleVideo1.mp4 */,
			);
			path = SampleVideo;
			sourceTree = "<group>";
		};
		257D000B25BEC325008576D4 /* RecordAudio */ = {
			isa = PBXGroup;
			children = (
				257D000C25BEC345008576D4 /* RecordAudioViewController.swift */,
				257D000D25BEC345008576D4 /* RecordAudioViewController.xib */,
			);
			path = RecordAudio;
			sourceTree = "<group>";
		};
		257DFFDB25BEB554008576D4 = {
			isa = PBXGroup;
			children = (
				257DFFE625BEB554008576D4 /* AVFoundation2 */,
				257DFFE525BEB554008576D4 /* Products */,
			);
			sourceTree = "<group>";
		};
		257DFFE525BEB554008576D4 /* Products */ = {
			isa = PBXGroup;
			children = (
				257DFFE425BEB554008576D4 /* AVFoundation2.app */,
			);
			name = Products;
			sourceTree = "<group>";
		};
		257DFFE625BEB554008576D4 /* AVFoundation2 */ = {
			isa = PBXGroup;
			children = (
				253A7D8525C153EE00319B38 /* SampleMusic */,
				257D000625BEB934008576D4 /* SampleVideo */,
				257DFFFF25BEB6C4008576D4 /* PlayVideo */,
				257D000B25BEC325008576D4 /* RecordAudio */,
				257DFFE725BEB554008576D4 /* AppDelegate.swift */,
				257DFFF025BEB555008576D4 /* Assets.xcassets */,
				257DFFF225BEB555008576D4 /* LaunchScreen.storyboard */,
				257DFFF525BEB555008576D4 /* Info.plist */,
			);
			path = AVFoundation2;
			sourceTree = "<group>";
		};
		257DFFFF25BEB6C4008576D4 /* PlayVideo */ = {
			isa = PBXGroup;
			children = (
				257D000025BEB6D9008576D4 /* PlayVideoViewController.swift */,
				257D000125BEB6D9008576D4 /* PlayVideoViewController.xib */,
				253A7D7925C100E400319B38 /* ThumbnailCutVideo */,
			);
			path = PlayVideo;
			sourceTree = "<group>";
		};
/* End PBXGroup section */

/* Begin PBXNativeTarget section */
		257DFFE325BEB554008576D4 /* AVFoundation2 */ = {
			isa = PBXNativeTarget;
			buildConfigurationList = 257DFFF825BEB555008576D4 /* Build configuration list for PBXNativeTarget "AVFoundation2" */;
			buildPhases = (
				257DFFE025BEB554008576D4 /* Sources */,
				257DFFE125BEB554008576D4 /* Frameworks */,
				257DFFE225BEB554008576D4 /* Resources */,
			);
			buildRules = (
			);
			dependencies = (
			);
			name = AVFoundation2;
			productName = AVFoundation2;
			productReference = 257DFFE425BEB554008576D4 /* AVFoundation2.app */;
			productType = "com.apple.product-type.application";
		};
/* End PBXNativeTarget section */

/* Begin PBXProject section */
		257DFFDC25BEB554008576D4 /* Project object */ = {
			isa = PBXProject;
			attributes = {
				LastSwiftUpdateCheck = 1230;
				LastUpgradeCheck = 1230;
				TargetAttributes = {
					257DFFE325BEB554008576D4 = {
						CreatedOnToolsVersion = 12.3;
					};
				};
			};
			buildConfigurationList = 257DFFDF25BEB554008576D4 /* Build configuration list for PBXProject "AVFoundation2" */;
			compatibilityVersion = "Xcode 9.3";
			developmentRegion = en;
			hasScannedForEncodings = 0;
			knownRegions = (
				en,
				Base,
			);
			mainGroup = 257DFFDB25BEB554008576D4;
			productRefGroup = 257DFFE525BEB554008576D4 /* Products */;
			projectDirPath = "";
			projectRoot = "";
			targets = (
				257DFFE325BEB554008576D4 /* AVFoundation2 */,
			);
		};
/* End PBXProject section */

/* Begin PBXResourcesBuildPhase section */
		257DFFE225BEB554008576D4 /* Resources */ = {
			isa = PBXResourcesBuildPhase;
			buildActionMask = 2147483647;
			files = (
				257DFFF425BEB555008576D4 /* LaunchScreen.storyboard in Resources */,
				257D000825BEB942008576D4 /* SampleVideo1.mp4 in Resources */,
				257D000325BEB6D9008576D4 /* PlayVideoViewController.xib in Resources */,
				253A7D8B25C1574800319B38 /* SampleAudio1.mp3 in Resources */,
				257D000F25BEC345008576D4 /* RecordAudioViewController.xib in Resources */,
				257DFFF125BEB555008576D4 /* Assets.xcassets in Resources */,
			);
			runOnlyForDeploymentPostprocessing = 0;
		};
/* End PBXResourcesBuildPhase section */

/* Begin PBXSourcesBuildPhase section */
		257DFFE025BEB554008576D4 /* Sources */ = {
			isa = PBXSourcesBuildPhase;
			buildActionMask = 2147483647;
			files = (
				253A7D8025C1011100319B38 /* ThumbnailCutVideoView.swift in Sources */,
				257D000E25BEC345008576D4 /* RecordAudioViewController.swift in Sources */,
				257D000225BEB6D9008576D4 /* PlayVideoViewController.swift in Sources */,
				257DFFE825BEB554008576D4 /* AppDelegate.swift in Sources */,
				253A7D7B25C100F700319B38 /* ThumbnailCutVideo.swift in Sources */,
			);
			runOnlyForDeploymentPostprocessing = 0;
		};
/* End PBXSourcesBuildPhase section */

/* Begin PBXVariantGroup section */
		257DFFF225BEB555008576D4 /* LaunchScreen.storyboard */ = {
			isa = PBXVariantGroup;
			children = (
				257DFFF325BEB555008576D4 /* Base */,
			);
			name = LaunchScreen.storyboard;
			sourceTree = "<group>";
		};
/* End PBXVariantGroup section */

/* Begin XCBuildConfiguration section */
		257DFFF625BEB555008576D4 /* Debug */ = {
			isa = XCBuildConfiguration;
			buildSettings = {
				ALWAYS_SEARCH_USER_PATHS = NO;
				CLANG_ANALYZER_NONNULL = YES;
				CLANG_ANALYZER_NUMBER_OBJECT_CONVERSION = YES_AGGRESSIVE;
				CLANG_CXX_LANGUAGE_STANDARD = "gnu++14";
				CLANG_CXX_LIBRARY = "libc++";
				CLANG_ENABLE_MODULES = YES;
				CLANG_ENABLE_OBJC_ARC = YES;
				CLANG_ENABLE_OBJC_WEAK = YES;
				CLANG_WARN_BLOCK_CAPTURE_AUTORELEASING = YES;
				CLANG_WARN_BOOL_CONVERSION = YES;
				CLANG_WARN_COMMA = YES;
				CLANG_WARN_CONSTANT_CONVERSION = YES;
				CLANG_WARN_DEPRECATED_OBJC_IMPLEMENTATIONS = YES;
				CLANG_WARN_DIRECT_OBJC_ISA_USAGE = YES_ERROR;
				CLANG_WARN_DOCUMENTATION_COMMENTS = YES;
				CLANG_WARN_EMPTY_BODY = YES;
				CLANG_WARN_ENUM_CONVERSION = YES;
				CLANG_WARN_INFINITE_RECURSION = YES;
				CLANG_WARN_INT_CONVERSION = YES;
				CLANG_WARN_NON_LITERAL_NULL_CONVERSION = YES;
				CLANG_WARN_OBJC_IMPLICIT_RETAIN_SELF = YES;
				CLANG_WARN_OBJC_LITERAL_CONVERSION = YES;
				CLANG_WARN_OBJC_ROOT_CLASS = YES_ERROR;
				CLANG_WARN_QUOTED_INCLUDE_IN_FRAMEWORK_HEADER = YES;
				CLANG_WARN_RANGE_LOOP_ANALYSIS = YES;
				CLANG_WARN_STRICT_PROTOTYPES = YES;
				CLANG_WARN_SUSPICIOUS_MOVE = YES;
				CLANG_WARN_UNGUARDED_AVAILABILITY = YES_AGGRESSIVE;
				CLANG_WARN_UNREACHABLE_CODE = YES;
				CLANG_WARN__DUPLICATE_METHOD_MATCH = YES;
				COPY_PHASE_STRIP = NO;
				DEBUG_INFORMATION_FORMAT = dwarf;
				ENABLE_STRICT_OBJC_MSGSEND = YES;
				ENABLE_TESTABILITY = YES;
				GCC_C_LANGUAGE_STANDARD = gnu11;
				GCC_DYNAMIC_NO_PIC = NO;
				GCC_NO_COMMON_BLOCKS = YES;
				GCC_OPTIMIZATION_LEVEL = 0;
				GCC_PREPROCESSOR_DEFINITIONS = (
					"DEBUG=1",
					"$(inherited)",
				);
				GCC_WARN_64_TO_32_BIT_CONVERSION = YES;
				GCC_WARN_ABOUT_RETURN_TYPE = YES_ERROR;
				GCC_WARN_UNDECLARED_SELECTOR = YES;
				GCC_WARN_UNINITIALIZED_AUTOS = YES_AGGRESSIVE;
				GCC_WARN_UNUSED_FUNCTION = YES;
				GCC_WARN_UNUSED_VARIABLE = YES;
				IPHONEOS_DEPLOYMENT_TARGET = 14.3;
				MTL_ENABLE_DEBUG_INFO = INCLUDE_SOURCE;
				MTL_FAST_MATH = YES;
				ONLY_ACTIVE_ARCH = YES;
				SDKROOT = iphoneos;
				SWIFT_ACTIVE_COMPILATION_CONDITIONS = DEBUG;
				SWIFT_OPTIMIZATION_LEVEL = "-Onone";
			};
			name = Debug;
		};
		257DFFF725BEB555008576D4 /* Release */ = {
			isa = XCBuildConfiguration;
			buildSettings = {
				ALWAYS_SEARCH_USER_PATHS = NO;
				CLANG_ANALYZER_NONNULL = YES;
				CLANG_ANALYZER_NUMBER_OBJECT_CONVERSION = YES_AGGRESSIVE;
				CLANG_CXX_LANGUAGE_STANDARD = "gnu++14";
				CLANG_CXX_LIBRARY = "libc++";
				CLANG_ENABLE_MODULES = YES;
				CLANG_ENABLE_OBJC_ARC = YES;
				CLANG_ENABLE_OBJC_WEAK = YES;
				CLANG_WARN_BLOCK_CAPTURE_AUTORELEASING = YES;
				CLANG_WARN_BOOL_CONVERSION = YES;
				CLANG_WARN_COMMA = YES;
				CLANG_WARN_CONSTANT_CONVERSION = YES;
				CLANG_WARN_DEPRECATED_OBJC_IMPLEMENTATIONS = YES;
				CLANG_WARN_DIRECT_OBJC_ISA_USAGE = YES_ERROR;
				CLANG_WARN_DOCUMENTATION_COMMENTS = YES;
				CLANG_WARN_EMPTY_BODY = YES;
				CLANG_WARN_ENUM_CONVERSION = YES;
				CLANG_WARN_INFINITE_RECURSION = YES;
				CLANG_WARN_INT_CONVERSION = YES;
				CLANG_WARN_NON_LITERAL_NULL_CONVERSION = YES;
				CLANG_WARN_OBJC_IMPLICIT_RETAIN_SELF = YES;
				CLANG_WARN_OBJC_LITERAL_CONVERSION = YES;
				CLANG_WARN_OBJC_ROOT_CLASS = YES_ERROR;
				CLANG_WARN_QUOTED_INCLUDE_IN_FRAMEWORK_HEADER = YES;
				CLANG_WARN_RANGE_LOOP_ANALYSIS = YES;
				CLANG_WARN_STRICT_PROTOTYPES = YES;
				CLANG_WARN_SUSPICIOUS_MOVE = YES;
				CLANG_WARN_UNGUARDED_AVAILABILITY = YES_AGGRESSIVE;
				CLANG_WARN_UNREACHABLE_CODE = YES;
				CLANG_WARN__DUPLICATE_METHOD_MATCH = YES;
				COPY_PHASE_STRIP = NO;
				DEBUG_INFORMATION_FORMAT = "dwarf-with-dsym";
				ENABLE_NS_ASSERTIONS = NO;
				ENABLE_STRICT_OBJC_MSGSEND = YES;
				GCC_C_LANGUAGE_STANDARD = gnu11;
				GCC_NO_COMMON_BLOCKS = YES;
				GCC_WARN_64_TO_32_BIT_CONVERSION = YES;
				GCC_WARN_ABOUT_RETURN_TYPE = YES_ERROR;
				GCC_WARN_UNDECLARED_SELECTOR = YES;
				GCC_WARN_UNINITIALIZED_AUTOS = YES_AGGRESSIVE;
				GCC_WARN_UNUSED_FUNCTION = YES;
				GCC_WARN_UNUSED_VARIABLE = YES;
				IPHONEOS_DEPLOYMENT_TARGET = 14.3;
				MTL_ENABLE_DEBUG_INFO = NO;
				MTL_FAST_MATH = YES;
				SDKROOT = iphoneos;
				SWIFT_COMPILATION_MODE = wholemodule;
				SWIFT_OPTIMIZATION_LEVEL = "-O";
				VALIDATE_PRODUCT = YES;
			};
			name = Release;
		};
		257DFFF925BEB555008576D4 /* Debug */ = {
			isa = XCBuildConfiguration;
			buildSettings = {
				ASSETCATALOG_COMPILER_APPICON_NAME = AppIcon;
				ASSETCATALOG_COMPILER_GLOBAL_ACCENT_COLOR_NAME = AccentColor;
				CODE_SIGN_STYLE = Automatic;
				INFOPLIST_FILE = AVFoundation2/Info.plist;
				LD_RUNPATH_SEARCH_PATHS = (
					"$(inherited)",
					"@executable_path/Frameworks",
				);
				PRODUCT_BUNDLE_IDENTIFIER = manhnn.AVFoundation2;
				PRODUCT_NAME = "$(TARGET_NAME)";
				SWIFT_VERSION = 5.0;
				TARGETED_DEVICE_FAMILY = "1,2";
			};
			name = Debug;
		};
		257DFFFA25BEB555008576D4 /* Release */ = {
			isa = XCBuildConfiguration;
			buildSettings = {
				ASSETCATALOG_COMPILER_APPICON_NAME = AppIcon;
				ASSETCATALOG_COMPILER_GLOBAL_ACCENT_COLOR_NAME = AccentColor;
				CODE_SIGN_STYLE = Automatic;
				INFOPLIST_FILE = AVFoundation2/Info.plist;
				LD_RUNPATH_SEARCH_PATHS = (
					"$(inherited)",
					"@executable_path/Frameworks",
				);
				PRODUCT_BUNDLE_IDENTIFIER = manhnn.AVFoundation2;
				PRODUCT_NAME = "$(TARGET_NAME)";
				SWIFT_VERSION = 5.0;
				TARGETED_DEVICE_FAMILY = "1,2";
			};
			name = Release;
		};
/* End XCBuildConfiguration section */

/* Begin XCConfigurationList section */
		257DFFDF25BEB554008576D4 /* Build configuration list for PBXProject "AVFoundation2" */ = {
			isa = XCConfigurationList;
			buildConfigurations = (
				257DFFF625BEB555008576D4 /* Debug */,
				257DFFF725BEB555008576D4 /* Release */,
			);
			defaultConfigurationIsVisible = 0;
			defaultConfigurationName = Release;
		};
		257DFFF825BEB555008576D4 /* Build configuration list for PBXNativeTarget "AVFoundation2" */ = {
			isa = XCConfigurationList;
			buildConfigurations = (
				257DFFF925BEB555008576D4 /* Debug */,
				257DFFFA25BEB555008576D4 /* Release */,
			);
			defaultConfigurationIsVisible = 0;
			defaultConfigurationName = Release;
		};
/* End XCConfigurationList section */
	};
	rootObject = 257DFFDC25BEB554008576D4 /* Project object */;
}
